
Microsoft Visual Studio Solution File, Format Version 12.00
# Visual Studio 15
VisualStudioVersion = 15.0.28010.2003
MinimumVisualStudioVersion = 10.0.40219.1
Project("{FAE04EC0-301F-11D3-BF4B-00C04F79EFBC}") = "AngularDotnetProducts", "AngularDotnetProducts\AngularDotnetProducts.csproj", "{AC435297-7F11-48B9-AED1-9CF495E04685}"
EndProject
Global
	GlobalSection(SolutionConfigurationPlatforms) = preSolution
		Debug|Any CPU = Debug|Any CPU
		Release|Any CPU = Release|Any CPU
	EndGlobalSection
	GlobalSection(ProjectConfigurationPlatforms) = postSolution
		{AC435297-7F11-48B9-AED1-9CF495E04685}.Debug|Any CPU.ActiveCfg = Debug|Any CPU
		{AC435297-7F11-48B9-AED1-9CF495E04685}.Debug|Any CPU.Build.0 = Debug|Any CPU
		{AC435297-7F11-48B9-AED1-9CF495E04685}.Release|Any CPU.ActiveCfg = Release|Any CPU
		{AC435297-7F11-48B9-AED1-9CF495E04685}.Release|Any CPU.Build.0 = Release|Any CPU
	EndGlobalSection
	GlobalSection(SolutionProperties) = preSolution
		HideSolutionNode = FALSE
	EndGlobalSection
	GlobalSection(ExtensibilityGlobals) = postSolution
		SolutionGuid = {25BBD272-9F77-4602-B794-DBC28B720E8C}
	EndGlobalSection
EndGlobal
